{
  "requires": true,
  "lockfileVersion": 1,
  "dependencies": {
    "lunar-calendar": {
      "version": "0.1.4",
      "resolved": "https://registry.npmjs.org/lunar-calendar/-/lunar-calendar-0.1.4.tgz",
      "integrity": "sha1-QwMCT4idXXBsr0B8RdvfHO2HC+g="
    },
    "relationship.js": {
      "version": "1.0.0",
      "resolved": "https://registry.npmjs.org/relationship.js/-/relationship.js-1.0.0.tgz",
      "integrity": "sha1-nykiI0r0GjfWRJeNv28iw29oxDU="
    }
  }
}
